{
  "version": 4,
  "terraform_version": "1.5.2",
  "serial": 73,
  "lineage": "c62158b9-e7ef-706b-4a92-dac984c2e276",
  "outputs": {
    "private_key": {
      "value": "-----BEGIN RSA PRIVATE KEY-----\nMIIJKQIBAAKCAgEA+LXtBSaE4bOX09j3srPLxVaDao0jlMR+OtGRVO7iHMXMLrQs\nkDhYWTZBC2iksUJ3XeFvIEmIvYuCnsFI2eQXr3jiDyVLG/WtUBLWljhcPK7cZpI9\npD7rmCZqtMDi8+gsKGRhK7H7p/hDpGXUaD3I4wy9Xo6Et0mT5bVjrASA229SWNxh\nBaM114YvI4Pfbb07u9K+9tNJay5vxCbptKBwRmyU3l4FLNMtFE3XpH6kwt22vY/1\n7I8iNuR4TFYoMtg7UHHwaoQ5qunlWTgdMFSE6TVzb94T7wXfyD5aQB4T4NWcqCV6\nCGJ+7p4PkJU3FWuk5/8utT3zeI9NorNxZny6eDa0i77Fu1hy5THCxJeXk8zC9str\ntPpCUaGI4HUBCQQ46ZbjFzfaEwpKsFSKqr/Mmwr5zlWRiAwOjeeVUNY6t8m5aNGV\nwR0/LdyEbZ/+aEgY7HwZOo6jt+VfpdB1UHvdmj8Z72KrdjimoXVP7fUHFhHa8if9\nrp7v55mMogj1iW/LaQOxYIeDx6lOISduCO8wn6+wo7BUANUdDmUen6fBz0VyB9Fe\nkoImxM1YupLcxl9hU3B1rXKwr0qVhzxWUCLN0ySS/twhazpPG+9m+6rqI15tB8eE\nmk3KGkkpXqbNU5yQxcf5QoED4l/e94CigsIbJZaa00g3P45hUFowPLOmpB0CAwEA\nAQKCAgEAuclMsRhBE0jRFdNx1PAyO8uQh7u+5JaTpOR/p+56wfuPtyOoVmOAu8On\nexpETJXWDS8lj/zeRJk+jdDc1sdoWg/27lFxdgVj3fj0i2q2nC4TPhvoKBVIcHPi\nKfwcjQ7WTaYOYFGoJ6VxAhF/Rg9BTTprC4Ny6GfyLxn8xrbmewUBgpe9cjSlN8Zo\n2CLeeF9vi7K2LDNRGNurad+XnPJsbG8YFbQuMXneptgvShXAhkCRDbHIh1m0uUSa\nCIwjozebt1Alw6vaWC44wRkF1OCOGJdxEBPY2CiPLkpFqLfPKZjoWUMFkdXh8+Xm\nwp50c2/h09vvzDvm8Bw8ZlmdUG3D7CgVFK7btEImErx+16xNBkEBEqAwVVBGzzYr\nrQowQZrI7KkW14492a0Ij7+rUec+bZCH5l+D6IVcC5RDG4k9POnc3QFQV6BFZM+L\n15rFemkjNbr+lLr85X4bqAKO5nn/gXZJ5ofLeTmabih6T0ldvoZ968gpWjJb53NB\nWj3LtYC1oDaqIsQOD2S7HhW2Dd35OA5h3/AUtfH+7DYiWax3PuSoFA8t1vJuymJH\nBs6aShODW0dZ8nK5a/yH8QCMr3n2CSAJTkiCkf93Pb1E5KI4X/qa7mw1ttXzWfYO\nZ02jPXcPDIn9DbxG9zOZZmucH53vW5PNdTtYWQ7uxXXET3aZ3RECggEBAPz9V9pS\nQs05weYx7XZh3vlU8Ltk8Lui7JyBPs1z76Z96kBNQZfdZL0D/ommCgyeiVdGKbxQ\nOOdftFExpq5G9tJqK+2v+4zQ8HGMTrmEJBTyCq0QTAcvWB9Mh79Ssa6wQ7h+utJ3\nf8k4W78qdKd99yuWU8Q3koLmYTaZhNfgMsP4vCha13XH27OV1jrrxxf82MeL0Fr6\nnT1Ln14i5Cs0w8+43CaKoB57UGC8JJOtDov2t4hb1Zzf2dg9s1aXO01EfiJffk5J\nQXj7ttHOgWe1aVSG7rUML1nQVC8kRGfitOieXk+76iBc2l5i0KJ4ps1jBgN0hedp\nXdjqVJqXAHG6xG8CggEBAPurjE7KLOYy5mn9y3ZxHhF+RyYetVlFGYaoG9x8Eu3F\nVUul/+8Q3a8iRjzKI5AEZhXl7rsLbWySJbOt+5/9QndfmcUklG1z1waGC5Sak5tk\nd4Ts3Oi1fER9TPi7KSPd23E7kdfVFDcP2vqlcZYXJVyMxQMXO8drAifAR000x7P8\nK1FhPMDoT1dzYNHBbY51ZzGim07h7EURInIQS2Zf2NeDtCHK25wNXJ2MqaEOKgA7\nyGHkia/Piy6YGMtsoKC2ueZulG+4RdtMQY3yU3IYlQrTKbSYZ4ucUXvDD66+uGsi\nDfuBOLPgY0CLuWe9k8hMJKl2XbsX8hyAZNTR3xmbnjMCggEAWbhXEbweqL2VAFgw\niM1I0E/JWAwCO+kZ1J8ZcK9vDDKXgtpjKsJ/WXEzMgnKgpMuzd66Kmig5Z1RS4I6\nRJAyNIkmrxK8OUJYI0zJFo3AZhU4qAuhiuLFc8QmWDmxfexQ9/spsj5i+S+difw6\nhrPrlm+noWy77uRZEY38SLrgBhQOVplw0/pe9h9rbFX1s5IeJxZ0e+9pGDXbfP0O\nwiviTaaXnKuJAYZmCQhwSFcVU5nZmOhIp2vTzBaFpW3YwBxMR1BqcMUWDRvnyBxe\nVDNH+Ywo19hMaqOxV06bW+RQmDah59ESxQto/hQ5PYVgUnKNzWfjnSAHAkiIXJK0\nu6CqzQKCAQEA71bn6o5PQOUrR6V7d7p/8/b5xwDxSmJysiLxzC+a+NDwGy9VRI/v\no3ye+3TpeS8VvsGa1fs6J0Sd4lEVucNrEIe0f04Ycjb2SVf1b2/J7MARAjMYq57c\n/W2EZA/qQhfdd8RFINOdk/faMwBgE3MTrv6Y5iWUTkQwGom7xWrqePraX1xwIK1N\nt0cczp57iD2S1BtmRBCLV+vBrGResI96cwrnpjN7wt7aM2LwdyA3RV2VZbOoVbC1\nFqzC98Lox66/AKwtMko29SWCOnI4dYt3QoIraXp/DsCspVyOb4sla41JauQrfrVo\n7ptyyXv7LUNsolTVMvbE4+IfAl5NI9dhDQKCAQBVTJBCzr5ALdzs7ebu+Ki4RcAj\nJoLrbOrGwAl9bqpVev73iXvKFTPpxD5xBIJK0HUEu0aLPn81VbIBygc7R7nfmgKb\n4La79yWIv6o5pqO5XL9Nl86j6jpiOKFfo6O6A9xdBfQuAXeYRs5CZyxZAEmFt/Ef\n9bMgbPBPQrlHZZh7tIJIKGiEm+/S57RN96wXTpnJpQKyC46HbV1K7CCFDpAGbLTk\nlEZKSngGfbL+h1dsZUs1Lb4eAqlXem3TwQbCTEcEsDcuE+GqyspEv36bgaWidO1L\nbtfDbuBfM+rJgEyGR0zVChWwcC3u9APYY7iiLZk1m26snmYxTNUre6h8nd8y\n-----END RSA PRIVATE KEY-----\n",
      "type": "string",
      "sensitive": true
    }
  },
  "resources": [
    {
      "mode": "data",
      "type": "aws_availability_zones",
      "name": "available",
      "provider": "provider[\"registry.terraform.io/hashicorp/aws\"]",
      "instances": [
        {
          "schema_version": 0,
          "attributes": {
            "all_availability_zones": null,
            "exclude_names": null,
            "exclude_zone_ids": null,
            "filter": null,
            "group_names": [
              "eu-central-1"
            ],
            "id": "eu-central-1",
            "names": [
              "eu-central-1a",
              "eu-central-1b",
              "eu-central-1c"
            ],
            "state": "available",
            "timeouts": null,
            "zone_ids": [
              "euc1-az2",
              "euc1-az3",
              "euc1-az1"
            ]
          },
          "sensitive_attributes": []
        }
      ]
    },
    {
      "mode": "managed",
      "type": "aws_ebs_volume",
      "name": "k1_ebs",
      "provider": "provider[\"registry.terraform.io/hashicorp/aws\"]",
      "instances": [
        {
          "schema_version": 0,
          "attributes": {
            "arn": "arn:aws:ec2:eu-central-1:143805577160:volume/vol-0355a36f2dd039fa8",
            "availability_zone": "eu-central-1a",
            "encrypted": false,
            "final_snapshot": false,
            "id": "vol-0355a36f2dd039fa8",
            "iops": 100,
            "kms_key_id": "",
            "multi_attach_enabled": false,
            "outpost_arn": "",
            "size": 5,
            "snapshot_id": "",
            "tags": {},
            "tags_all": {},
            "throughput": 0,
            "timeouts": null,
            "type": "gp2"
          },
          "sensitive_attributes": [],
          "private": "eyJlMmJmYjczMC1lY2FhLTExZTYtOGY4OC0zNDM2M2JjN2M0YzAiOnsiY3JlYXRlIjozMDAwMDAwMDAwMDAsImRlbGV0ZSI6MzAwMDAwMDAwMDAwLCJ1cGRhdGUiOjMwMDAwMDAwMDAwMH19",
          "dependencies": [
            "aws_instance.k1",
            "aws_key_pair.deployer",
            "aws_security_group.kafka",
            "data.aws_availability_zones.available",
            "module.vpc.aws_subnet.public",
            "module.vpc.aws_vpc.this",
            "module.vpc.aws_vpc_ipv4_cidr_block_association.this",
            "tls_private_key.key"
          ]
        }
      ]
    },
    {
      "mode": "managed",
      "type": "aws_ebs_volume",
      "name": "zk1_ebs",
      "provider": "provider[\"registry.terraform.io/hashicorp/aws\"]",
      "instances": [
        {
          "schema_version": 0,
          "attributes": {
            "arn": "arn:aws:ec2:eu-central-1:143805577160:volume/vol-0aac7d8be458894ec",
            "availability_zone": "eu-central-1a",
            "encrypted": false,
            "final_snapshot": false,
            "id": "vol-0aac7d8be458894ec",
            "iops": 100,
            "kms_key_id": "",
            "multi_attach_enabled": false,
            "outpost_arn": "",
            "size": 5,
            "snapshot_id": "",
            "tags": null,
            "tags_all": {},
            "throughput": 0,
            "timeouts": null,
            "type": "gp2"
          },
          "sensitive_attributes": [],
          "private": "eyJlMmJmYjczMC1lY2FhLTExZTYtOGY4OC0zNDM2M2JjN2M0YzAiOnsiY3JlYXRlIjozMDAwMDAwMDAwMDAsImRlbGV0ZSI6MzAwMDAwMDAwMDAwLCJ1cGRhdGUiOjMwMDAwMDAwMDAwMH19",
          "dependencies": [
            "aws_instance.zk1",
            "aws_key_pair.deployer",
            "aws_security_group.zk",
            "data.aws_availability_zones.available",
            "module.vpc.aws_subnet.public"
          ]
        }
      ]
    },
    {
      "mode": "managed",
      "type": "aws_instance",
      "name": "k1",
      "provider": "provider[\"registry.terraform.io/hashicorp/aws\"]",
      "instances": [
        {
          "schema_version": 1,
          "attributes": {
            "ami": "ami-0749e2c902c836c08",
            "arn": "arn:aws:ec2:eu-central-1:143805577160:instance/i-03e48b2085df35653",
            "associate_public_ip_address": false,
            "availability_zone": "eu-central-1a",
            "capacity_reservation_specification": [
              {
                "capacity_reservation_preference": "open",
                "capacity_reservation_target": []
              }
            ],
            "cpu_core_count": 1,
            "cpu_threads_per_core": 1,
            "credit_specification": [
              {
                "cpu_credits": "standard"
              }
            ],
            "disable_api_stop": false,
            "disable_api_termination": false,
            "ebs_block_device": [
              {
                "delete_on_termination": false,
                "device_name": "/dev/sdh",
                "encrypted": false,
                "iops": 100,
                "kms_key_id": "",
                "snapshot_id": "",
                "tags": {},
                "throughput": 0,
                "volume_id": "vol-0355a36f2dd039fa8",
                "volume_size": 5,
                "volume_type": "gp2"
              }
            ],
            "ebs_optimized": false,
            "enclave_options": [
              {
                "enabled": false
              }
            ],
            "ephemeral_block_device": [],
            "get_password_data": false,
            "hibernation": false,
            "host_id": null,
            "host_resource_group_arn": null,
            "iam_instance_profile": "",
            "id": "i-03e48b2085df35653",
            "instance_initiated_shutdown_behavior": "stop",
            "instance_state": "running",
            "instance_type": "t2.small",
            "ipv6_address_count": 0,
            "ipv6_addresses": [],
            "key_name": "deployer-key",
            "launch_template": [],
            "maintenance_options": [
              {
                "auto_recovery": "default"
              }
            ],
            "metadata_options": [
              {
                "http_endpoint": "enabled",
                "http_put_response_hop_limit": 2,
                "http_tokens": "required",
                "instance_metadata_tags": "disabled"
              }
            ],
            "monitoring": false,
            "network_interface": [],
            "outpost_arn": "",
            "password_data": "",
            "placement_group": "",
            "placement_partition_number": null,
            "primary_network_interface_id": "eni-005053bde59839d37",
            "private_dns": "ip-10-0-101-167.eu-central-1.compute.internal",
            "private_dns_name_options": [
              {
                "enable_resource_name_dns_a_record": false,
                "enable_resource_name_dns_aaaa_record": false,
                "hostname_type": "ip-name"
              }
            ],
            "private_ip": "10.0.101.167",
            "public_dns": "",
            "public_ip": "",
            "root_block_device": [
              {
                "delete_on_termination": true,
                "device_name": "/dev/xvda",
                "encrypted": false,
                "iops": 100,
                "kms_key_id": "",
                "tags": {},
                "throughput": 0,
                "volume_id": "vol-021f3aa4a55a16f78",
                "volume_size": 8,
                "volume_type": "gp2"
              }
            ],
            "secondary_private_ips": [],
            "security_groups": [],
            "source_dest_check": true,
            "subnet_id": "subnet-0801a2fa5f1190501",
            "tags": {
              "Name": "Broker1"
            },
            "tags_all": {
              "Name": "Broker1"
            },
            "tenancy": "default",
            "timeouts": null,
            "user_data": null,
            "user_data_base64": null,
            "user_data_replace_on_change": false,
            "volume_tags": null,
            "vpc_security_group_ids": [
              "sg-02e3d7c98e27f3f30"
            ]
          },
          "sensitive_attributes": [],
          "private": "eyJlMmJmYjczMC1lY2FhLTExZTYtOGY4OC0zNDM2M2JjN2M0YzAiOnsiY3JlYXRlIjo2MDAwMDAwMDAwMDAsImRlbGV0ZSI6MTIwMDAwMDAwMDAwMCwidXBkYXRlIjo2MDAwMDAwMDAwMDB9LCJzY2hlbWFfdmVyc2lvbiI6IjEifQ==",
          "dependencies": [
            "aws_key_pair.deployer",
            "aws_security_group.kafka",
            "data.aws_availability_zones.available",
            "module.vpc.aws_subnet.public",
            "module.vpc.aws_vpc.this",
            "module.vpc.aws_vpc_ipv4_cidr_block_association.this",
            "tls_private_key.key"
          ]
        }
      ]
    },
    {
      "mode": "managed",
      "type": "aws_instance",
      "name": "zk1",
      "provider": "provider[\"registry.terraform.io/hashicorp/aws\"]",
      "instances": [
        {
          "schema_version": 1,
          "attributes": {
            "ami": "ami-0749e2c902c836c08",
            "arn": "arn:aws:ec2:eu-central-1:143805577160:instance/i-0ef0c52de3f1242c5",
            "associate_public_ip_address": true,
            "availability_zone": "eu-central-1a",
            "capacity_reservation_specification": [
              {
                "capacity_reservation_preference": "open",
                "capacity_reservation_target": []
              }
            ],
            "cpu_core_count": 1,
            "cpu_threads_per_core": 1,
            "credit_specification": [
              {
                "cpu_credits": "standard"
              }
            ],
            "disable_api_stop": false,
            "disable_api_termination": false,
            "ebs_block_device": [],
            "ebs_optimized": false,
            "enclave_options": [
              {
                "enabled": false
              }
            ],
            "ephemeral_block_device": [],
            "get_password_data": false,
            "hibernation": false,
            "host_id": null,
            "host_resource_group_arn": null,
            "iam_instance_profile": "",
            "id": "i-0ef0c52de3f1242c5",
            "instance_initiated_shutdown_behavior": "stop",
            "instance_state": "running",
            "instance_type": "t2.small",
            "ipv6_address_count": 0,
            "ipv6_addresses": [],
            "key_name": "deployer-key",
            "launch_template": [],
            "maintenance_options": [
              {
                "auto_recovery": "default"
              }
            ],
            "metadata_options": [
              {
                "http_endpoint": "enabled",
                "http_put_response_hop_limit": 2,
                "http_tokens": "required",
                "instance_metadata_tags": "disabled"
              }
            ],
            "monitoring": false,
            "network_interface": [],
            "outpost_arn": "",
            "password_data": "",
            "placement_group": "",
            "placement_partition_number": null,
            "primary_network_interface_id": "eni-0446bdf41f50b7bd5",
            "private_dns": "ip-10-0-101-190.eu-central-1.compute.internal",
            "private_dns_name_options": [
              {
                "enable_resource_name_dns_a_record": false,
                "enable_resource_name_dns_aaaa_record": false,
                "hostname_type": "ip-name"
              }
            ],
            "private_ip": "10.0.101.190",
            "public_dns": "ec2-3-121-110-244.eu-central-1.compute.amazonaws.com",
            "public_ip": "3.121.110.244",
            "root_block_device": [
              {
                "delete_on_termination": true,
                "device_name": "/dev/xvda",
                "encrypted": false,
                "iops": 100,
                "kms_key_id": "",
                "tags": null,
                "throughput": 0,
                "volume_id": "vol-054fa264073f10605",
                "volume_size": 8,
                "volume_type": "gp2"
              }
            ],
            "secondary_private_ips": [],
            "security_groups": [],
            "source_dest_check": true,
            "subnet_id": "subnet-0801a2fa5f1190501",
            "tags": {
              "Name": "Zookeeper1"
            },
            "tags_all": {
              "Name": "Zookeeper1"
            },
            "tenancy": "default",
            "timeouts": null,
            "user_data": null,
            "user_data_base64": null,
            "user_data_replace_on_change": false,
            "volume_tags": null,
            "vpc_security_group_ids": [
              "sg-0deaa54ad5d34b3c3"
            ]
          },
          "sensitive_attributes": [],
          "private": "eyJlMmJmYjczMC1lY2FhLTExZTYtOGY4OC0zNDM2M2JjN2M0YzAiOnsiY3JlYXRlIjo2MDAwMDAwMDAwMDAsImRlbGV0ZSI6MTIwMDAwMDAwMDAwMCwidXBkYXRlIjo2MDAwMDAwMDAwMDB9LCJzY2hlbWFfdmVyc2lvbiI6IjEifQ==",
          "dependencies": [
            "aws_key_pair.deployer",
            "aws_security_group.zk",
            "data.aws_availability_zones.available",
            "module.vpc.aws_subnet.public"
          ]
        }
      ]
    },
    {
      "mode": "managed",
      "type": "aws_key_pair",
      "name": "deployer",
      "provider": "provider[\"registry.terraform.io/hashicorp/aws\"]",
      "instances": [
        {
          "schema_version": 1,
          "attributes": {
            "arn": "arn:aws:ec2:eu-central-1:143805577160:key-pair/deployer-key",
            "fingerprint": "2c:69:fe:a8:ca:ed:90:e5:59:d2:f0:34:e6:43:82:73",
            "id": "deployer-key",
            "key_name": "deployer-key",
            "key_name_prefix": "",
            "key_pair_id": "key-00bf616b06c0762a1",
            "key_type": "rsa",
            "public_key": "ssh-rsa AAAAB3NzaC1yc2EAAAADAQABAAACAQD4te0FJoThs5fT2Peys8vFVoNqjSOUxH460ZFU7uIcxcwutCyQOFhZNkELaKSxQndd4W8gSYi9i4KewUjZ5BeveOIPJUsb9a1QEtaWOFw8rtxmkj2kPuuYJmq0wOLz6CwoZGErsfun+EOkZdRoPcjjDL1ejoS3SZPltWOsBIDbb1JY3GEFozXXhi8jg99tvTu70r7200lrLm/EJum0oHBGbJTeXgUs0y0UTdekfqTC3ba9j/XsjyI25HhMVigy2DtQcfBqhDmq6eVZOB0wVITpNXNv3hPvBd/IPlpAHhPg1ZyoJXoIYn7ung+QlTcVa6Tn/y61PfN4j02is3FmfLp4NrSLvsW7WHLlMcLEl5eTzML2y2u0+kJRoYjgdQEJBDjpluMXN9oTCkqwVIqqv8ybCvnOVZGIDA6N55VQ1jq3yblo0ZXBHT8t3IRtn/5oSBjsfBk6jqO35V+l0HVQe92aPxnvYqt2OKahdU/t9QcWEdryJ/2unu/nmYyiCPWJb8tpA7Fgh4PHqU4hJ24I7zCfr7CjsFQA1R0OZR6fp8HPRXIH0V6SgibEzVi6ktzGX2FTcHWtcrCvSpWHPFZQIs3TJJL+3CFrOk8b72b7quojXm0Hx4SaTcoaSSleps1TnJDFx/lCgQPiX973gKKCwhsllprTSDc/jmFQWjA8s6akHQ==",
            "tags": {},
            "tags_all": {}
          },
          "sensitive_attributes": [],
          "private": "eyJzY2hlbWFfdmVyc2lvbiI6IjEifQ==",
          "dependencies": [
            "tls_private_key.key"
          ]
        }
      ]
    },
    {
      "mode": "managed",
      "type": "aws_security_group",
      "name": "kafka",
      "provider": "provider[\"registry.terraform.io/hashicorp/aws\"]",
      "instances": [
        {
          "schema_version": 1,
          "attributes": {
            "arn": "arn:aws:ec2:eu-central-1:143805577160:security-group/sg-02e3d7c98e27f3f30",
            "description": "Allow TLS inbound traffic",
            "egress": [
              {
                "cidr_blocks": [
                  "0.0.0.0/0"
                ],
                "description": "",
                "from_port": 0,
                "ipv6_cidr_blocks": [],
                "prefix_list_ids": [],
                "protocol": "-1",
                "security_groups": [],
                "self": false,
                "to_port": 0
              }
            ],
            "id": "sg-02e3d7c98e27f3f30",
            "ingress": [
              {
                "cidr_blocks": [
                  "10.0.0.0/16"
                ],
                "description": "TLS from VPC",
                "from_port": 443,
                "ipv6_cidr_blocks": [],
                "prefix_list_ids": [],
                "protocol": "tcp",
                "security_groups": [],
                "self": false,
                "to_port": 443
              }
            ],
            "name": "kafka",
            "name_prefix": "",
            "owner_id": "143805577160",
            "revoke_rules_on_delete": false,
            "tags": {
              "Name": "kafka"
            },
            "tags_all": {
              "Name": "kafka"
            },
            "timeouts": null,
            "vpc_id": "vpc-0c346567a2b23da4e"
          },
          "sensitive_attributes": [],
          "private": "eyJlMmJmYjczMC1lY2FhLTExZTYtOGY4OC0zNDM2M2JjN2M0YzAiOnsiY3JlYXRlIjo2MDAwMDAwMDAwMDAsImRlbGV0ZSI6OTAwMDAwMDAwMDAwfSwic2NoZW1hX3ZlcnNpb24iOiIxIn0=",
          "dependencies": [
            "module.vpc.aws_vpc.this"
          ]
        }
      ]
    },
    {
      "mode": "managed",
      "type": "aws_security_group",
      "name": "zk",
      "provider": "provider[\"registry.terraform.io/hashicorp/aws\"]",
      "instances": [
        {
          "schema_version": 1,
          "attributes": {
            "arn": "arn:aws:ec2:eu-central-1:143805577160:security-group/sg-0deaa54ad5d34b3c3",
            "description": "Allow TLS inbound traffic",
            "egress": [
              {
                "cidr_blocks": [
                  "0.0.0.0/0"
                ],
                "description": "",
                "from_port": 0,
                "ipv6_cidr_blocks": [],
                "prefix_list_ids": [],
                "protocol": "-1",
                "security_groups": [],
                "self": false,
                "to_port": 0
              }
            ],
            "id": "sg-0deaa54ad5d34b3c3",
            "ingress": [
              {
                "cidr_blocks": [
                  "10.0.0.0/16"
                ],
                "description": "",
                "from_port": 22,
                "ipv6_cidr_blocks": [],
                "prefix_list_ids": [],
                "protocol": "tcp",
                "security_groups": [],
                "self": false,
                "to_port": 22
              },
              {
                "cidr_blocks": [
                  "10.0.0.0/16"
                ],
                "description": "TLS from VPC",
                "from_port": 443,
                "ipv6_cidr_blocks": [],
                "prefix_list_ids": [],
                "protocol": "tcp",
                "security_groups": [],
                "self": false,
                "to_port": 443
              }
            ],
            "name": "zookeeper",
            "name_prefix": "",
            "owner_id": "143805577160",
            "revoke_rules_on_delete": false,
            "tags": {
              "Name": "zookeeper"
            },
            "tags_all": {
              "Name": "zookeeper"
            },
            "timeouts": null,
            "vpc_id": "vpc-0c346567a2b23da4e"
          },
          "sensitive_attributes": [],
          "private": "eyJlMmJmYjczMC1lY2FhLTExZTYtOGY4OC0zNDM2M2JjN2M0YzAiOnsiY3JlYXRlIjo2MDAwMDAwMDAwMDAsImRlbGV0ZSI6OTAwMDAwMDAwMDAwfSwic2NoZW1hX3ZlcnNpb24iOiIxIn0=",
          "dependencies": [
            "module.vpc.aws_vpc.this"
          ]
        }
      ]
    },
    {
      "mode": "managed",
      "type": "aws_security_group_rule",
      "name": "ssh",
      "provider": "provider[\"registry.terraform.io/hashicorp/aws\"]",
      "instances": [
        {
          "schema_version": 2,
          "attributes": {
            "cidr_blocks": [
              "10.0.0.0/16"
            ],
            "description": "",
            "from_port": 22,
            "id": "sgrule-1702483327",
            "ipv6_cidr_blocks": null,
            "prefix_list_ids": null,
            "protocol": "tcp",
            "security_group_id": "sg-0deaa54ad5d34b3c3",
            "security_group_rule_id": "sgr-0a70813ea666496eb",
            "self": false,
            "source_security_group_id": null,
            "timeouts": null,
            "to_port": 22,
            "type": "ingress"
          },
          "sensitive_attributes": [],
          "private": "eyJlMmJmYjczMC1lY2FhLTExZTYtOGY4OC0zNDM2M2JjN2M0YzAiOnsiY3JlYXRlIjozMDAwMDAwMDAwMDB9LCJzY2hlbWFfdmVyc2lvbiI6IjIifQ==",
          "dependencies": [
            "aws_security_group.zk",
            "module.vpc.aws_vpc.this"
          ]
        }
      ]
    },
    {
      "mode": "managed",
      "type": "aws_volume_attachment",
      "name": "k1_ebs_vol",
      "provider": "provider[\"registry.terraform.io/hashicorp/aws\"]",
      "instances": [
        {
          "schema_version": 0,
          "attributes": {
            "device_name": "/dev/sdh",
            "force_detach": null,
            "id": "vai-1677324101",
            "instance_id": "i-03e48b2085df35653",
            "skip_destroy": null,
            "stop_instance_before_detaching": null,
            "timeouts": null,
            "volume_id": "vol-0355a36f2dd039fa8"
          },
          "sensitive_attributes": [],
          "private": "eyJlMmJmYjczMC1lY2FhLTExZTYtOGY4OC0zNDM2M2JjN2M0YzAiOnsiY3JlYXRlIjozMDAwMDAwMDAwMDAsImRlbGV0ZSI6MzAwMDAwMDAwMDAwfX0=",
          "dependencies": [
            "aws_ebs_volume.k1_ebs",
            "aws_instance.k1",
            "aws_key_pair.deployer",
            "aws_security_group.kafka",
            "data.aws_availability_zones.available",
            "module.vpc.aws_subnet.public",
            "module.vpc.aws_vpc.this",
            "module.vpc.aws_vpc_ipv4_cidr_block_association.this",
            "tls_private_key.key"
          ]
        }
      ]
    },
    {
      "mode": "managed",
      "type": "aws_volume_attachment",
      "name": "zk1_ebs_vol",
      "provider": "provider[\"registry.terraform.io/hashicorp/aws\"]",
      "instances": [
        {
          "schema_version": 0,
          "attributes": {
            "device_name": "/dev/sdh",
            "force_detach": null,
            "id": "vai-1550349682",
            "instance_id": "i-0ef0c52de3f1242c5",
            "skip_destroy": null,
            "stop_instance_before_detaching": null,
            "timeouts": null,
            "volume_id": "vol-0aac7d8be458894ec"
          },
          "sensitive_attributes": [],
          "private": "eyJlMmJmYjczMC1lY2FhLTExZTYtOGY4OC0zNDM2M2JjN2M0YzAiOnsiY3JlYXRlIjozMDAwMDAwMDAwMDAsImRlbGV0ZSI6MzAwMDAwMDAwMDAwfX0=",
          "dependencies": [
            "aws_ebs_volume.zk1_ebs",
            "aws_instance.zk1",
            "aws_key_pair.deployer",
            "aws_security_group.zk",
            "data.aws_availability_zones.available",
            "module.vpc.aws_subnet.public"
          ]
        }
      ]
    },
    {
      "mode": "managed",
      "type": "tls_private_key",
      "name": "key",
      "provider": "provider[\"registry.terraform.io/hashicorp/tls\"]",
      "instances": [
        {
          "schema_version": 1,
          "attributes": {
            "algorithm": "RSA",
            "ecdsa_curve": "P224",
            "id": "e9356fb3bf43add5e50ef224496a74859a34270f",
            "private_key_openssh": "-----BEGIN OPENSSH PRIVATE KEY-----\nb3BlbnNzaC1rZXktdjEAAAAABG5vbmUAAAAEbm9uZQAAAAAAAAABAAACFwAAAAdz\nc2gtcnNhAAAAAwEAAQAAAgEA+LXtBSaE4bOX09j3srPLxVaDao0jlMR+OtGRVO7i\nHMXMLrQskDhYWTZBC2iksUJ3XeFvIEmIvYuCnsFI2eQXr3jiDyVLG/WtUBLWljhc\nPK7cZpI9pD7rmCZqtMDi8+gsKGRhK7H7p/hDpGXUaD3I4wy9Xo6Et0mT5bVjrASA\n229SWNxhBaM114YvI4Pfbb07u9K+9tNJay5vxCbptKBwRmyU3l4FLNMtFE3XpH6k\nwt22vY/17I8iNuR4TFYoMtg7UHHwaoQ5qunlWTgdMFSE6TVzb94T7wXfyD5aQB4T\n4NWcqCV6CGJ+7p4PkJU3FWuk5/8utT3zeI9NorNxZny6eDa0i77Fu1hy5THCxJeX\nk8zC9strtPpCUaGI4HUBCQQ46ZbjFzfaEwpKsFSKqr/Mmwr5zlWRiAwOjeeVUNY6\nt8m5aNGVwR0/LdyEbZ/+aEgY7HwZOo6jt+VfpdB1UHvdmj8Z72KrdjimoXVP7fUH\nFhHa8if9rp7v55mMogj1iW/LaQOxYIeDx6lOISduCO8wn6+wo7BUANUdDmUen6fB\nz0VyB9FekoImxM1YupLcxl9hU3B1rXKwr0qVhzxWUCLN0ySS/twhazpPG+9m+6rq\nI15tB8eEmk3KGkkpXqbNU5yQxcf5QoED4l/e94CigsIbJZaa00g3P45hUFowPLOm\npB0AAAc4Y8hs72PIbO8AAAAHc3NoLXJzYQAAAgEA+LXtBSaE4bOX09j3srPLxVaD\nao0jlMR+OtGRVO7iHMXMLrQskDhYWTZBC2iksUJ3XeFvIEmIvYuCnsFI2eQXr3ji\nDyVLG/WtUBLWljhcPK7cZpI9pD7rmCZqtMDi8+gsKGRhK7H7p/hDpGXUaD3I4wy9\nXo6Et0mT5bVjrASA229SWNxhBaM114YvI4Pfbb07u9K+9tNJay5vxCbptKBwRmyU\n3l4FLNMtFE3XpH6kwt22vY/17I8iNuR4TFYoMtg7UHHwaoQ5qunlWTgdMFSE6TVz\nb94T7wXfyD5aQB4T4NWcqCV6CGJ+7p4PkJU3FWuk5/8utT3zeI9NorNxZny6eDa0\ni77Fu1hy5THCxJeXk8zC9strtPpCUaGI4HUBCQQ46ZbjFzfaEwpKsFSKqr/Mmwr5\nzlWRiAwOjeeVUNY6t8m5aNGVwR0/LdyEbZ/+aEgY7HwZOo6jt+VfpdB1UHvdmj8Z\n72KrdjimoXVP7fUHFhHa8if9rp7v55mMogj1iW/LaQOxYIeDx6lOISduCO8wn6+w\no7BUANUdDmUen6fBz0VyB9FekoImxM1YupLcxl9hU3B1rXKwr0qVhzxWUCLN0ySS\n/twhazpPG+9m+6rqI15tB8eEmk3KGkkpXqbNU5yQxcf5QoED4l/e94CigsIbJZaa\n00g3P45hUFowPLOmpB0AAAADAQABAAACAQC5yUyxGEETSNEV03HU8DI7y5CHu77k\nlpOk5H+n7nrB+4+3I6hWY4C7w6d7GkRMldYNLyWP/N5EmT6N0NzWx2haD/buUXF2\nBWPd+PSLaracLhM+G+goFUhwc+Ip/ByNDtZNpg5gUagnpXECEX9GD0FNOmsLg3Lo\nZ/IvGfzGtuZ7BQGCl71yNKU3xmjYIt54X2+LsrYsM1EY26tp35ec8mxsbxgVtC4x\ned6m2C9KFcCGQJENsciHWbS5RJoIjCOjN5u3UCXDq9pYLjjBGQXU4I4Yl3EQE9jY\nKI8uSkWot88pmOhZQwWR1eHz5ebCnnRzb+HT2+/MO+bwHDxmWZ1QbcPsKBUUrtu0\nQiYSvH7XrE0GQQESoDBVUEbPNiutCjBBmsjsqRbXjj3ZrQiPv6tR5z5tkIfmX4Po\nhVwLlEMbiT086dzdAVBXoEVkz4vXmsV6aSM1uv6UuvzlfhuoAo7mef+Bdknmh8t5\nOZpuKHpPSV2+hn3ryClaMlvnc0FaPcu1gLWgNqoixA4PZLseFbYN3fk4DmHf8BS1\n8f7sNiJZrHc+5KgUDy3W8m7KYkcGzppKE4NbR1nycrlr/IfxAIyvefYJIAlOSIKR\n/3c9vUTkojhf+prubDW21fNZ9g5nTaM9dw8Mif0NvEb3M5lma5wfne9bk811O1hZ\nDu7FdcRPdpndEQAAAQBVTJBCzr5ALdzs7ebu+Ki4RcAjJoLrbOrGwAl9bqpVev73\niXvKFTPpxD5xBIJK0HUEu0aLPn81VbIBygc7R7nfmgKb4La79yWIv6o5pqO5XL9N\nl86j6jpiOKFfo6O6A9xdBfQuAXeYRs5CZyxZAEmFt/Ef9bMgbPBPQrlHZZh7tIJI\nKGiEm+/S57RN96wXTpnJpQKyC46HbV1K7CCFDpAGbLTklEZKSngGfbL+h1dsZUs1\nLb4eAqlXem3TwQbCTEcEsDcuE+GqyspEv36bgaWidO1LbtfDbuBfM+rJgEyGR0zV\nChWwcC3u9APYY7iiLZk1m26snmYxTNUre6h8nd8yAAABAQD8/VfaUkLNOcHmMe12\nYd75VPC7ZPC7ouycgT7Nc++mfepATUGX3WS9A/6JpgoMnolXRim8UDjnX7RRMaau\nRvbSaivtr/uM0PBxjE65hCQU8gqtEEwHL1gfTIe/UrGusEO4frrSd3/JOFu/KnSn\nffcrllPEN5KC5mE2mYTX4DLD+LwoWtd1x9uzldY668cX/NjHi9Ba+p09S59eIuQr\nNMPPuNwmiqAee1BgvCSTrQ6L9reIW9Wc39nYPbNWlztNRH4iX35OSUF4+7bRzoFn\ntWlUhu61DC9Z0FQvJERn4rTonl5Pu+ogXNpeYtCieKbNYwYDdIXnaV3Y6lSalwBx\nusRvAAABAQD7q4xOyizmMuZp/ct2cR4RfkcmHrVZRRmGqBvcfBLtxVVLpf/vEN2v\nIkY8yiOQBGYV5e67C21skiWzrfuf/UJ3X5nFJJRtc9cGhguUmpObZHeE7NzotXxE\nfUz4uykj3dtxO5HX1RQ3D9r6pXGWFyVcjMUDFzvHawInwEdNNMez/CtRYTzA6E9X\nc2DRwW2OdWcxoptO4exFESJyEEtmX9jXg7QhytucDVydjKmhDioAO8hh5Imvz4su\nmBjLbKCgtrnmbpRvuEXbTEGN8lNyGJUK0ym0mGeLnFF7ww+uvrhrIg37gTiz4GNA\ni7lnvZPITCSpdl27F/IcgGTU0d8Zm54zAAAAAAEC\n-----END OPENSSH PRIVATE KEY-----\n",
            "private_key_pem": "-----BEGIN RSA PRIVATE KEY-----\nMIIJKQIBAAKCAgEA+LXtBSaE4bOX09j3srPLxVaDao0jlMR+OtGRVO7iHMXMLrQs\nkDhYWTZBC2iksUJ3XeFvIEmIvYuCnsFI2eQXr3jiDyVLG/WtUBLWljhcPK7cZpI9\npD7rmCZqtMDi8+gsKGRhK7H7p/hDpGXUaD3I4wy9Xo6Et0mT5bVjrASA229SWNxh\nBaM114YvI4Pfbb07u9K+9tNJay5vxCbptKBwRmyU3l4FLNMtFE3XpH6kwt22vY/1\n7I8iNuR4TFYoMtg7UHHwaoQ5qunlWTgdMFSE6TVzb94T7wXfyD5aQB4T4NWcqCV6\nCGJ+7p4PkJU3FWuk5/8utT3zeI9NorNxZny6eDa0i77Fu1hy5THCxJeXk8zC9str\ntPpCUaGI4HUBCQQ46ZbjFzfaEwpKsFSKqr/Mmwr5zlWRiAwOjeeVUNY6t8m5aNGV\nwR0/LdyEbZ/+aEgY7HwZOo6jt+VfpdB1UHvdmj8Z72KrdjimoXVP7fUHFhHa8if9\nrp7v55mMogj1iW/LaQOxYIeDx6lOISduCO8wn6+wo7BUANUdDmUen6fBz0VyB9Fe\nkoImxM1YupLcxl9hU3B1rXKwr0qVhzxWUCLN0ySS/twhazpPG+9m+6rqI15tB8eE\nmk3KGkkpXqbNU5yQxcf5QoED4l/e94CigsIbJZaa00g3P45hUFowPLOmpB0CAwEA\nAQKCAgEAuclMsRhBE0jRFdNx1PAyO8uQh7u+5JaTpOR/p+56wfuPtyOoVmOAu8On\nexpETJXWDS8lj/zeRJk+jdDc1sdoWg/27lFxdgVj3fj0i2q2nC4TPhvoKBVIcHPi\nKfwcjQ7WTaYOYFGoJ6VxAhF/Rg9BTTprC4Ny6GfyLxn8xrbmewUBgpe9cjSlN8Zo\n2CLeeF9vi7K2LDNRGNurad+XnPJsbG8YFbQuMXneptgvShXAhkCRDbHIh1m0uUSa\nCIwjozebt1Alw6vaWC44wRkF1OCOGJdxEBPY2CiPLkpFqLfPKZjoWUMFkdXh8+Xm\nwp50c2/h09vvzDvm8Bw8ZlmdUG3D7CgVFK7btEImErx+16xNBkEBEqAwVVBGzzYr\nrQowQZrI7KkW14492a0Ij7+rUec+bZCH5l+D6IVcC5RDG4k9POnc3QFQV6BFZM+L\n15rFemkjNbr+lLr85X4bqAKO5nn/gXZJ5ofLeTmabih6T0ldvoZ968gpWjJb53NB\nWj3LtYC1oDaqIsQOD2S7HhW2Dd35OA5h3/AUtfH+7DYiWax3PuSoFA8t1vJuymJH\nBs6aShODW0dZ8nK5a/yH8QCMr3n2CSAJTkiCkf93Pb1E5KI4X/qa7mw1ttXzWfYO\nZ02jPXcPDIn9DbxG9zOZZmucH53vW5PNdTtYWQ7uxXXET3aZ3RECggEBAPz9V9pS\nQs05weYx7XZh3vlU8Ltk8Lui7JyBPs1z76Z96kBNQZfdZL0D/ommCgyeiVdGKbxQ\nOOdftFExpq5G9tJqK+2v+4zQ8HGMTrmEJBTyCq0QTAcvWB9Mh79Ssa6wQ7h+utJ3\nf8k4W78qdKd99yuWU8Q3koLmYTaZhNfgMsP4vCha13XH27OV1jrrxxf82MeL0Fr6\nnT1Ln14i5Cs0w8+43CaKoB57UGC8JJOtDov2t4hb1Zzf2dg9s1aXO01EfiJffk5J\nQXj7ttHOgWe1aVSG7rUML1nQVC8kRGfitOieXk+76iBc2l5i0KJ4ps1jBgN0hedp\nXdjqVJqXAHG6xG8CggEBAPurjE7KLOYy5mn9y3ZxHhF+RyYetVlFGYaoG9x8Eu3F\nVUul/+8Q3a8iRjzKI5AEZhXl7rsLbWySJbOt+5/9QndfmcUklG1z1waGC5Sak5tk\nd4Ts3Oi1fER9TPi7KSPd23E7kdfVFDcP2vqlcZYXJVyMxQMXO8drAifAR000x7P8\nK1FhPMDoT1dzYNHBbY51ZzGim07h7EURInIQS2Zf2NeDtCHK25wNXJ2MqaEOKgA7\nyGHkia/Piy6YGMtsoKC2ueZulG+4RdtMQY3yU3IYlQrTKbSYZ4ucUXvDD66+uGsi\nDfuBOLPgY0CLuWe9k8hMJKl2XbsX8hyAZNTR3xmbnjMCggEAWbhXEbweqL2VAFgw\niM1I0E/JWAwCO+kZ1J8ZcK9vDDKXgtpjKsJ/WXEzMgnKgpMuzd66Kmig5Z1RS4I6\nRJAyNIkmrxK8OUJYI0zJFo3AZhU4qAuhiuLFc8QmWDmxfexQ9/spsj5i+S+difw6\nhrPrlm+noWy77uRZEY38SLrgBhQOVplw0/pe9h9rbFX1s5IeJxZ0e+9pGDXbfP0O\nwiviTaaXnKuJAYZmCQhwSFcVU5nZmOhIp2vTzBaFpW3YwBxMR1BqcMUWDRvnyBxe\nVDNH+Ywo19hMaqOxV06bW+RQmDah59ESxQto/hQ5PYVgUnKNzWfjnSAHAkiIXJK0\nu6CqzQKCAQEA71bn6o5PQOUrR6V7d7p/8/b5xwDxSmJysiLxzC+a+NDwGy9VRI/v\no3ye+3TpeS8VvsGa1fs6J0Sd4lEVucNrEIe0f04Ycjb2SVf1b2/J7MARAjMYq57c\n/W2EZA/qQhfdd8RFINOdk/faMwBgE3MTrv6Y5iWUTkQwGom7xWrqePraX1xwIK1N\nt0cczp57iD2S1BtmRBCLV+vBrGResI96cwrnpjN7wt7aM2LwdyA3RV2VZbOoVbC1\nFqzC98Lox66/AKwtMko29SWCOnI4dYt3QoIraXp/DsCspVyOb4sla41JauQrfrVo\n7ptyyXv7LUNsolTVMvbE4+IfAl5NI9dhDQKCAQBVTJBCzr5ALdzs7ebu+Ki4RcAj\nJoLrbOrGwAl9bqpVev73iXvKFTPpxD5xBIJK0HUEu0aLPn81VbIBygc7R7nfmgKb\n4La79yWIv6o5pqO5XL9Nl86j6jpiOKFfo6O6A9xdBfQuAXeYRs5CZyxZAEmFt/Ef\n9bMgbPBPQrlHZZh7tIJIKGiEm+/S57RN96wXTpnJpQKyC46HbV1K7CCFDpAGbLTk\nlEZKSngGfbL+h1dsZUs1Lb4eAqlXem3TwQbCTEcEsDcuE+GqyspEv36bgaWidO1L\nbtfDbuBfM+rJgEyGR0zVChWwcC3u9APYY7iiLZk1m26snmYxTNUre6h8nd8y\n-----END RSA PRIVATE KEY-----\n",
            "private_key_pem_pkcs8": "-----BEGIN PRIVATE KEY-----\nMIIJQwIBADANBgkqhkiG9w0BAQEFAASCCS0wggkpAgEAAoICAQD4te0FJoThs5fT\n2Peys8vFVoNqjSOUxH460ZFU7uIcxcwutCyQOFhZNkELaKSxQndd4W8gSYi9i4Ke\nwUjZ5BeveOIPJUsb9a1QEtaWOFw8rtxmkj2kPuuYJmq0wOLz6CwoZGErsfun+EOk\nZdRoPcjjDL1ejoS3SZPltWOsBIDbb1JY3GEFozXXhi8jg99tvTu70r7200lrLm/E\nJum0oHBGbJTeXgUs0y0UTdekfqTC3ba9j/XsjyI25HhMVigy2DtQcfBqhDmq6eVZ\nOB0wVITpNXNv3hPvBd/IPlpAHhPg1ZyoJXoIYn7ung+QlTcVa6Tn/y61PfN4j02i\ns3FmfLp4NrSLvsW7WHLlMcLEl5eTzML2y2u0+kJRoYjgdQEJBDjpluMXN9oTCkqw\nVIqqv8ybCvnOVZGIDA6N55VQ1jq3yblo0ZXBHT8t3IRtn/5oSBjsfBk6jqO35V+l\n0HVQe92aPxnvYqt2OKahdU/t9QcWEdryJ/2unu/nmYyiCPWJb8tpA7Fgh4PHqU4h\nJ24I7zCfr7CjsFQA1R0OZR6fp8HPRXIH0V6SgibEzVi6ktzGX2FTcHWtcrCvSpWH\nPFZQIs3TJJL+3CFrOk8b72b7quojXm0Hx4SaTcoaSSleps1TnJDFx/lCgQPiX973\ngKKCwhsllprTSDc/jmFQWjA8s6akHQIDAQABAoICAQC5yUyxGEETSNEV03HU8DI7\ny5CHu77klpOk5H+n7nrB+4+3I6hWY4C7w6d7GkRMldYNLyWP/N5EmT6N0NzWx2ha\nD/buUXF2BWPd+PSLaracLhM+G+goFUhwc+Ip/ByNDtZNpg5gUagnpXECEX9GD0FN\nOmsLg3LoZ/IvGfzGtuZ7BQGCl71yNKU3xmjYIt54X2+LsrYsM1EY26tp35ec8mxs\nbxgVtC4xed6m2C9KFcCGQJENsciHWbS5RJoIjCOjN5u3UCXDq9pYLjjBGQXU4I4Y\nl3EQE9jYKI8uSkWot88pmOhZQwWR1eHz5ebCnnRzb+HT2+/MO+bwHDxmWZ1QbcPs\nKBUUrtu0QiYSvH7XrE0GQQESoDBVUEbPNiutCjBBmsjsqRbXjj3ZrQiPv6tR5z5t\nkIfmX4PohVwLlEMbiT086dzdAVBXoEVkz4vXmsV6aSM1uv6UuvzlfhuoAo7mef+B\ndknmh8t5OZpuKHpPSV2+hn3ryClaMlvnc0FaPcu1gLWgNqoixA4PZLseFbYN3fk4\nDmHf8BS18f7sNiJZrHc+5KgUDy3W8m7KYkcGzppKE4NbR1nycrlr/IfxAIyvefYJ\nIAlOSIKR/3c9vUTkojhf+prubDW21fNZ9g5nTaM9dw8Mif0NvEb3M5lma5wfne9b\nk811O1hZDu7FdcRPdpndEQKCAQEA/P1X2lJCzTnB5jHtdmHe+VTwu2Twu6LsnIE+\nzXPvpn3qQE1Bl91kvQP+iaYKDJ6JV0YpvFA451+0UTGmrkb20mor7a/7jNDwcYxO\nuYQkFPIKrRBMBy9YH0yHv1KxrrBDuH660nd/yThbvyp0p333K5ZTxDeSguZhNpmE\n1+Ayw/i8KFrXdcfbs5XWOuvHF/zYx4vQWvqdPUufXiLkKzTDz7jcJoqgHntQYLwk\nk60Oi/a3iFvVnN/Z2D2zVpc7TUR+Il9+TklBePu20c6BZ7VpVIbutQwvWdBULyRE\nZ+K06J5eT7vqIFzaXmLQonimzWMGA3SF52ld2OpUmpcAcbrEbwKCAQEA+6uMTsos\n5jLmaf3LdnEeEX5HJh61WUUZhqgb3HwS7cVVS6X/7xDdryJGPMojkARmFeXuuwtt\nbJIls637n/1Cd1+ZxSSUbXPXBoYLlJqTm2R3hOzc6LV8RH1M+LspI93bcTuR19UU\nNw/a+qVxlhclXIzFAxc7x2sCJ8BHTTTHs/wrUWE8wOhPV3Ng0cFtjnVnMaKbTuHs\nRREichBLZl/Y14O0IcrbnA1cnYypoQ4qADvIYeSJr8+LLpgYy2ygoLa55m6Ub7hF\n20xBjfJTchiVCtMptJhni5xRe8MPrr64ayIN+4E4s+BjQIu5Z72TyEwkqXZduxfy\nHIBk1NHfGZueMwKCAQBZuFcRvB6ovZUAWDCIzUjQT8lYDAI76RnUnxlwr28MMpeC\n2mMqwn9ZcTMyCcqCky7N3roqaKDlnVFLgjpEkDI0iSavErw5QlgjTMkWjcBmFTio\nC6GK4sVzxCZYObF97FD3+ymyPmL5L52J/DqGs+uWb6ehbLvu5FkRjfxIuuAGFA5W\nmXDT+l72H2tsVfWzkh4nFnR772kYNdt8/Q7CK+JNppecq4kBhmYJCHBIVxVTmdmY\n6Eina9PMFoWlbdjAHExHUGpwxRYNG+fIHF5UM0f5jCjX2Exqo7FXTptb5FCYNqHn\n0RLFC2j+FDk9hWBSco3NZ+OdIAcCSIhckrS7oKrNAoIBAQDvVufqjk9A5StHpXt3\nun/z9vnHAPFKYnKyIvHML5r40PAbL1VEj++jfJ77dOl5LxW+wZrV+zonRJ3iURW5\nw2sQh7R/ThhyNvZJV/Vvb8nswBECMxirntz9bYRkD+pCF913xEUg052T99ozAGAT\ncxOu/pjmJZRORDAaibvFaup4+tpfXHAgrU23RxzOnnuIPZLUG2ZEEItX68GsZF6w\nj3pzCuemM3vC3tozYvB3IDdFXZVls6hVsLUWrML3wujHrr8ArC0ySjb1JYI6cjh1\ni3dCgitpen8OwKylXI5viyVrjUlq5Ct+tWjum3LJe/stQ2yiVNUy9sTj4h8CXk0j\n12ENAoIBAFVMkELOvkAt3Ozt5u74qLhFwCMmguts6sbACX1uqlV6/veJe8oVM+nE\nPnEEgkrQdQS7Ros+fzVVsgHKBztHud+aApvgtrv3JYi/qjmmo7lcv02XzqPqOmI4\noV+jo7oD3F0F9C4Bd5hGzkJnLFkASYW38R/1syBs8E9CuUdlmHu0gkgoaISb79Ln\ntE33rBdOmcmlArILjodtXUrsIIUOkAZstOSURkpKeAZ9sv6HV2xlSzUtvh4CqVd6\nbdPBBsJMRwSwNy4T4arKykS/fpuBpaJ07Utu18Nu4F8z6smATIZHTNUKFbBwLe70\nA9hjuKItmTWbbqyeZjFM1St7qHyd3zI=\n-----END PRIVATE KEY-----\n",
            "public_key_fingerprint_md5": "6f:e1:61:98:2d:4f:68:23:60:60:67:37:e2:d5:d6:cf",
            "public_key_fingerprint_sha256": "SHA256:6GdIAs4ezJubN8bYm9sVxmfEaO4ktM3SzSLLUH3a0lw",
            "public_key_openssh": "ssh-rsa AAAAB3NzaC1yc2EAAAADAQABAAACAQD4te0FJoThs5fT2Peys8vFVoNqjSOUxH460ZFU7uIcxcwutCyQOFhZNkELaKSxQndd4W8gSYi9i4KewUjZ5BeveOIPJUsb9a1QEtaWOFw8rtxmkj2kPuuYJmq0wOLz6CwoZGErsfun+EOkZdRoPcjjDL1ejoS3SZPltWOsBIDbb1JY3GEFozXXhi8jg99tvTu70r7200lrLm/EJum0oHBGbJTeXgUs0y0UTdekfqTC3ba9j/XsjyI25HhMVigy2DtQcfBqhDmq6eVZOB0wVITpNXNv3hPvBd/IPlpAHhPg1ZyoJXoIYn7ung+QlTcVa6Tn/y61PfN4j02is3FmfLp4NrSLvsW7WHLlMcLEl5eTzML2y2u0+kJRoYjgdQEJBDjpluMXN9oTCkqwVIqqv8ybCvnOVZGIDA6N55VQ1jq3yblo0ZXBHT8t3IRtn/5oSBjsfBk6jqO35V+l0HVQe92aPxnvYqt2OKahdU/t9QcWEdryJ/2unu/nmYyiCPWJb8tpA7Fgh4PHqU4hJ24I7zCfr7CjsFQA1R0OZR6fp8HPRXIH0V6SgibEzVi6ktzGX2FTcHWtcrCvSpWHPFZQIs3TJJL+3CFrOk8b72b7quojXm0Hx4SaTcoaSSleps1TnJDFx/lCgQPiX973gKKCwhsllprTSDc/jmFQWjA8s6akHQ==\n",
            "public_key_pem": "-----BEGIN PUBLIC KEY-----\nMIICIjANBgkqhkiG9w0BAQEFAAOCAg8AMIICCgKCAgEA+LXtBSaE4bOX09j3srPL\nxVaDao0jlMR+OtGRVO7iHMXMLrQskDhYWTZBC2iksUJ3XeFvIEmIvYuCnsFI2eQX\nr3jiDyVLG/WtUBLWljhcPK7cZpI9pD7rmCZqtMDi8+gsKGRhK7H7p/hDpGXUaD3I\n4wy9Xo6Et0mT5bVjrASA229SWNxhBaM114YvI4Pfbb07u9K+9tNJay5vxCbptKBw\nRmyU3l4FLNMtFE3XpH6kwt22vY/17I8iNuR4TFYoMtg7UHHwaoQ5qunlWTgdMFSE\n6TVzb94T7wXfyD5aQB4T4NWcqCV6CGJ+7p4PkJU3FWuk5/8utT3zeI9NorNxZny6\neDa0i77Fu1hy5THCxJeXk8zC9strtPpCUaGI4HUBCQQ46ZbjFzfaEwpKsFSKqr/M\nmwr5zlWRiAwOjeeVUNY6t8m5aNGVwR0/LdyEbZ/+aEgY7HwZOo6jt+VfpdB1UHvd\nmj8Z72KrdjimoXVP7fUHFhHa8if9rp7v55mMogj1iW/LaQOxYIeDx6lOISduCO8w\nn6+wo7BUANUdDmUen6fBz0VyB9FekoImxM1YupLcxl9hU3B1rXKwr0qVhzxWUCLN\n0ySS/twhazpPG+9m+6rqI15tB8eEmk3KGkkpXqbNU5yQxcf5QoED4l/e94CigsIb\nJZaa00g3P45hUFowPLOmpB0CAwEAAQ==\n-----END PUBLIC KEY-----\n",
            "rsa_bits": 4096
          },
          "sensitive_attributes": []
        }
      ]
    },
    {
      "module": "module.vpc",
      "mode": "managed",
      "type": "aws_default_network_acl",
      "name": "this",
      "provider": "provider[\"registry.terraform.io/hashicorp/aws\"]",
      "instances": [
        {
          "index_key": 0,
          "schema_version": 0,
          "attributes": {
            "arn": "arn:aws:ec2:eu-central-1:143805577160:network-acl/acl-047916b4c01a07dde",
            "default_network_acl_id": "acl-047916b4c01a07dde",
            "egress": [
              {
                "action": "allow",
                "cidr_block": "",
                "from_port": 0,
                "icmp_code": 0,
                "icmp_type": 0,
                "ipv6_cidr_block": "::/0",
                "protocol": "-1",
                "rule_no": 101,
                "to_port": 0
              },
              {
                "action": "allow",
                "cidr_block": "0.0.0.0/0",
                "from_port": 0,
                "icmp_code": 0,
                "icmp_type": 0,
                "ipv6_cidr_block": "",
                "protocol": "-1",
                "rule_no": 100,
                "to_port": 0
              }
            ],
            "id": "acl-047916b4c01a07dde",
            "ingress": [
              {
                "action": "allow",
                "cidr_block": "",
                "from_port": 0,
                "icmp_code": 0,
                "icmp_type": 0,
                "ipv6_cidr_block": "::/0",
                "protocol": "-1",
                "rule_no": 101,
                "to_port": 0
              },
              {
                "action": "allow",
                "cidr_block": "0.0.0.0/0",
                "from_port": 0,
                "icmp_code": 0,
                "icmp_type": 0,
                "ipv6_cidr_block": "",
                "protocol": "-1",
                "rule_no": 100,
                "to_port": 0
              }
            ],
            "owner_id": "143805577160",
            "subnet_ids": [
              "subnet-02d7fa31a51874caa",
              "subnet-036af608a81ddf4fd",
              "subnet-0378d776e91b22203",
              "subnet-048e3f62c90928810",
              "subnet-07d31c301a7e1c5c0",
              "subnet-0801a2fa5f1190501"
            ],
            "tags": {
              "Environment": "dev",
              "Name": "my_vpc-default",
              "Terraform": "true"
            },
            "tags_all": {
              "Environment": "dev",
              "Name": "my_vpc-default",
              "Terraform": "true"
            },
            "vpc_id": "vpc-0c346567a2b23da4e"
          },
          "sensitive_attributes": [],
          "private": "bnVsbA==",
          "dependencies": [
            "module.vpc.aws_vpc.this"
          ]
        }
      ]
    },
    {
      "module": "module.vpc",
      "mode": "managed",
      "type": "aws_default_route_table",
      "name": "default",
      "provider": "provider[\"registry.terraform.io/hashicorp/aws\"]",
      "instances": [
        {
          "index_key": 0,
          "schema_version": 0,
          "attributes": {
            "arn": "arn:aws:ec2:eu-central-1:143805577160:route-table/rtb-06017f919bc78ef33",
            "default_route_table_id": "rtb-06017f919bc78ef33",
            "id": "rtb-06017f919bc78ef33",
            "owner_id": "143805577160",
            "propagating_vgws": [],
            "route": [],
            "tags": {
              "Environment": "dev",
              "Name": "my_vpc-default",
              "Terraform": "true"
            },
            "tags_all": {
              "Environment": "dev",
              "Name": "my_vpc-default",
              "Terraform": "true"
            },
            "timeouts": {
              "create": "5m",
              "update": "5m"
            },
            "vpc_id": "vpc-0c346567a2b23da4e"
          },
          "sensitive_attributes": [],
          "private": "eyJlMmJmYjczMC1lY2FhLTExZTYtOGY4OC0zNDM2M2JjN2M0YzAiOnsiY3JlYXRlIjozMDAwMDAwMDAwMDAsInVwZGF0ZSI6MzAwMDAwMDAwMDAwfX0=",
          "dependencies": [
            "module.vpc.aws_vpc.this"
          ]
        }
      ]
    },
    {
      "module": "module.vpc",
      "mode": "managed",
      "type": "aws_internet_gateway",
      "name": "this",
      "provider": "provider[\"registry.terraform.io/hashicorp/aws\"]",
      "instances": [
        {
          "index_key": 0,
          "schema_version": 0,
          "attributes": {
            "arn": "arn:aws:ec2:eu-central-1:143805577160:internet-gateway/igw-07338dd7fdcd285d8",
            "id": "igw-07338dd7fdcd285d8",
            "owner_id": "143805577160",
            "tags": {
              "Environment": "dev",
              "Name": "my_vpc",
              "Terraform": "true"
            },
            "tags_all": {
              "Environment": "dev",
              "Name": "my_vpc",
              "Terraform": "true"
            },
            "timeouts": null,
            "vpc_id": "vpc-0c346567a2b23da4e"
          },
          "sensitive_attributes": [],
          "private": "eyJlMmJmYjczMC1lY2FhLTExZTYtOGY4OC0zNDM2M2JjN2M0YzAiOnsiY3JlYXRlIjoxMjAwMDAwMDAwMDAwLCJkZWxldGUiOjEyMDAwMDAwMDAwMDAsInVwZGF0ZSI6MTIwMDAwMDAwMDAwMH19",
          "dependencies": [
            "module.vpc.aws_vpc.this",
            "module.vpc.aws_vpc_ipv4_cidr_block_association.this"
          ]
        }
      ]
    },
    {
      "module": "module.vpc",
      "mode": "managed",
      "type": "aws_route",
      "name": "public_internet_gateway",
      "provider": "provider[\"registry.terraform.io/hashicorp/aws\"]",
      "instances": [
        {
          "index_key": 0,
          "schema_version": 0,
          "attributes": {
            "carrier_gateway_id": "",
            "core_network_arn": "",
            "destination_cidr_block": "0.0.0.0/0",
            "destination_ipv6_cidr_block": "",
            "destination_prefix_list_id": "",
            "egress_only_gateway_id": "",
            "gateway_id": "igw-07338dd7fdcd285d8",
            "id": "r-rtb-0f589a2a33644ff1d1080289494",
            "instance_id": "",
            "instance_owner_id": "",
            "local_gateway_id": "",
            "nat_gateway_id": "",
            "network_interface_id": "",
            "origin": "CreateRoute",
            "route_table_id": "rtb-0f589a2a33644ff1d",
            "state": "active",
            "timeouts": {
              "create": "5m",
              "delete": null,
              "update": null
            },
            "transit_gateway_id": "",
            "vpc_endpoint_id": "",
            "vpc_peering_connection_id": ""
          },
          "sensitive_attributes": [],
          "private": "eyJlMmJmYjczMC1lY2FhLTExZTYtOGY4OC0zNDM2M2JjN2M0YzAiOnsiY3JlYXRlIjozMDAwMDAwMDAwMDAsImRlbGV0ZSI6MzAwMDAwMDAwMDAwLCJ1cGRhdGUiOjEyMDAwMDAwMDAwMH19",
          "dependencies": [
            "module.vpc.aws_internet_gateway.this",
            "module.vpc.aws_route_table.public",
            "module.vpc.aws_vpc.this",
            "module.vpc.aws_vpc_ipv4_cidr_block_association.this"
          ]
        }
      ]
    },
    {
      "module": "module.vpc",
      "mode": "managed",
      "type": "aws_route_table",
      "name": "private",
      "provider": "provider[\"registry.terraform.io/hashicorp/aws\"]",
      "instances": [
        {
          "index_key": 0,
          "schema_version": 0,
          "attributes": {
            "arn": "arn:aws:ec2:eu-central-1:143805577160:route-table/rtb-0245079f96b571f49",
            "id": "rtb-0245079f96b571f49",
            "owner_id": "143805577160",
            "propagating_vgws": [],
            "route": [],
            "tags": {
              "Environment": "dev",
              "Name": "my_vpc-private-eu-central-1a",
              "Terraform": "true"
            },
            "tags_all": {
              "Environment": "dev",
              "Name": "my_vpc-private-eu-central-1a",
              "Terraform": "true"
            },
            "timeouts": null,
            "vpc_id": "vpc-0c346567a2b23da4e"
          },
          "sensitive_attributes": [],
          "private": "eyJlMmJmYjczMC1lY2FhLTExZTYtOGY4OC0zNDM2M2JjN2M0YzAiOnsiY3JlYXRlIjozMDAwMDAwMDAwMDAsImRlbGV0ZSI6MzAwMDAwMDAwMDAwLCJ1cGRhdGUiOjEyMDAwMDAwMDAwMH19",
          "dependencies": [
            "data.aws_availability_zones.available",
            "module.vpc.aws_vpc.this",
            "module.vpc.aws_vpc_ipv4_cidr_block_association.this"
          ]
        },
        {
          "index_key": 1,
          "schema_version": 0,
          "attributes": {
            "arn": "arn:aws:ec2:eu-central-1:143805577160:route-table/rtb-0515601e0fd58937f",
            "id": "rtb-0515601e0fd58937f",
            "owner_id": "143805577160",
            "propagating_vgws": [],
            "route": [],
            "tags": {
              "Environment": "dev",
              "Name": "my_vpc-private-eu-central-1b",
              "Terraform": "true"
            },
            "tags_all": {
              "Environment": "dev",
              "Name": "my_vpc-private-eu-central-1b",
              "Terraform": "true"
            },
            "timeouts": null,
            "vpc_id": "vpc-0c346567a2b23da4e"
          },
          "sensitive_attributes": [],
          "private": "eyJlMmJmYjczMC1lY2FhLTExZTYtOGY4OC0zNDM2M2JjN2M0YzAiOnsiY3JlYXRlIjozMDAwMDAwMDAwMDAsImRlbGV0ZSI6MzAwMDAwMDAwMDAwLCJ1cGRhdGUiOjEyMDAwMDAwMDAwMH19",
          "dependencies": [
            "data.aws_availability_zones.available",
            "module.vpc.aws_vpc.this",
            "module.vpc.aws_vpc_ipv4_cidr_block_association.this"
          ]
        },
        {
          "index_key": 2,
          "schema_version": 0,
          "attributes": {
            "arn": "arn:aws:ec2:eu-central-1:143805577160:route-table/rtb-001b9249c82cf38da",
            "id": "rtb-001b9249c82cf38da",
            "owner_id": "143805577160",
            "propagating_vgws": [],
            "route": [],
            "tags": {
              "Environment": "dev",
              "Name": "my_vpc-private-eu-central-1c",
              "Terraform": "true"
            },
            "tags_all": {
              "Environment": "dev",
              "Name": "my_vpc-private-eu-central-1c",
              "Terraform": "true"
            },
            "timeouts": null,
            "vpc_id": "vpc-0c346567a2b23da4e"
          },
          "sensitive_attributes": [],
          "private": "eyJlMmJmYjczMC1lY2FhLTExZTYtOGY4OC0zNDM2M2JjN2M0YzAiOnsiY3JlYXRlIjozMDAwMDAwMDAwMDAsImRlbGV0ZSI6MzAwMDAwMDAwMDAwLCJ1cGRhdGUiOjEyMDAwMDAwMDAwMH19",
          "dependencies": [
            "data.aws_availability_zones.available",
            "module.vpc.aws_vpc.this",
            "module.vpc.aws_vpc_ipv4_cidr_block_association.this"
          ]
        }
      ]
    },
    {
      "module": "module.vpc",
      "mode": "managed",
      "type": "aws_route_table",
      "name": "public",
      "provider": "provider[\"registry.terraform.io/hashicorp/aws\"]",
      "instances": [
        {
          "index_key": 0,
          "schema_version": 0,
          "attributes": {
            "arn": "arn:aws:ec2:eu-central-1:143805577160:route-table/rtb-0f589a2a33644ff1d",
            "id": "rtb-0f589a2a33644ff1d",
            "owner_id": "143805577160",
            "propagating_vgws": [],
            "route": [
              {
                "carrier_gateway_id": "",
                "cidr_block": "0.0.0.0/0",
                "core_network_arn": "",
                "destination_prefix_list_id": "",
                "egress_only_gateway_id": "",
                "gateway_id": "igw-07338dd7fdcd285d8",
                "instance_id": "",
                "ipv6_cidr_block": "",
                "local_gateway_id": "",
                "nat_gateway_id": "",
                "network_interface_id": "",
                "transit_gateway_id": "",
                "vpc_endpoint_id": "",
                "vpc_peering_connection_id": ""
              }
            ],
            "tags": {
              "Environment": "dev",
              "Name": "my_vpc-public",
              "Terraform": "true"
            },
            "tags_all": {
              "Environment": "dev",
              "Name": "my_vpc-public",
              "Terraform": "true"
            },
            "timeouts": null,
            "vpc_id": "vpc-0c346567a2b23da4e"
          },
          "sensitive_attributes": [],
          "private": "eyJlMmJmYjczMC1lY2FhLTExZTYtOGY4OC0zNDM2M2JjN2M0YzAiOnsiY3JlYXRlIjozMDAwMDAwMDAwMDAsImRlbGV0ZSI6MzAwMDAwMDAwMDAwLCJ1cGRhdGUiOjEyMDAwMDAwMDAwMH19",
          "dependencies": [
            "module.vpc.aws_vpc.this",
            "module.vpc.aws_vpc_ipv4_cidr_block_association.this"
          ]
        }
      ]
    },
    {
      "module": "module.vpc",
      "mode": "managed",
      "type": "aws_route_table_association",
      "name": "private",
      "provider": "provider[\"registry.terraform.io/hashicorp/aws\"]",
      "instances": [
        {
          "index_key": 0,
          "schema_version": 0,
          "attributes": {
            "gateway_id": "",
            "id": "rtbassoc-0215acccef610319a",
            "route_table_id": "rtb-0245079f96b571f49",
            "subnet_id": "subnet-036af608a81ddf4fd"
          },
          "sensitive_attributes": [],
          "private": "bnVsbA==",
          "dependencies": [
            "data.aws_availability_zones.available",
            "module.vpc.aws_route_table.private",
            "module.vpc.aws_subnet.private",
            "module.vpc.aws_vpc.this",
            "module.vpc.aws_vpc_ipv4_cidr_block_association.this"
          ]
        },
        {
          "index_key": 1,
          "schema_version": 0,
          "attributes": {
            "gateway_id": "",
            "id": "rtbassoc-03a5b6266e34dc331",
            "route_table_id": "rtb-0515601e0fd58937f",
            "subnet_id": "subnet-048e3f62c90928810"
          },
          "sensitive_attributes": [],
          "private": "bnVsbA==",
          "dependencies": [
            "data.aws_availability_zones.available",
            "module.vpc.aws_route_table.private",
            "module.vpc.aws_subnet.private",
            "module.vpc.aws_vpc.this",
            "module.vpc.aws_vpc_ipv4_cidr_block_association.this"
          ]
        },
        {
          "index_key": 2,
          "schema_version": 0,
          "attributes": {
            "gateway_id": "",
            "id": "rtbassoc-0e7f4c5d94f00f58a",
            "route_table_id": "rtb-001b9249c82cf38da",
            "subnet_id": "subnet-0378d776e91b22203"
          },
          "sensitive_attributes": [],
          "private": "bnVsbA==",
          "dependencies": [
            "data.aws_availability_zones.available",
            "module.vpc.aws_route_table.private",
            "module.vpc.aws_subnet.private",
            "module.vpc.aws_vpc.this",
            "module.vpc.aws_vpc_ipv4_cidr_block_association.this"
          ]
        }
      ]
    },
    {
      "module": "module.vpc",
      "mode": "managed",
      "type": "aws_route_table_association",
      "name": "public",
      "provider": "provider[\"registry.terraform.io/hashicorp/aws\"]",
      "instances": [
        {
          "index_key": 0,
          "schema_version": 0,
          "attributes": {
            "gateway_id": "",
            "id": "rtbassoc-092ef0ba1d0cc054e",
            "route_table_id": "rtb-0f589a2a33644ff1d",
            "subnet_id": "subnet-0801a2fa5f1190501"
          },
          "sensitive_attributes": [],
          "private": "bnVsbA==",
          "dependencies": [
            "data.aws_availability_zones.available",
            "module.vpc.aws_route_table.public",
            "module.vpc.aws_subnet.public",
            "module.vpc.aws_vpc.this",
            "module.vpc.aws_vpc_ipv4_cidr_block_association.this"
          ]
        },
        {
          "index_key": 1,
          "schema_version": 0,
          "attributes": {
            "gateway_id": "",
            "id": "rtbassoc-0f9d223146939704d",
            "route_table_id": "rtb-0f589a2a33644ff1d",
            "subnet_id": "subnet-07d31c301a7e1c5c0"
          },
          "sensitive_attributes": [],
          "private": "bnVsbA==",
          "dependencies": [
            "data.aws_availability_zones.available",
            "module.vpc.aws_route_table.public",
            "module.vpc.aws_subnet.public",
            "module.vpc.aws_vpc.this",
            "module.vpc.aws_vpc_ipv4_cidr_block_association.this"
          ]
        },
        {
          "index_key": 2,
          "schema_version": 0,
          "attributes": {
            "gateway_id": "",
            "id": "rtbassoc-0d72b0f2ef12ac651",
            "route_table_id": "rtb-0f589a2a33644ff1d",
            "subnet_id": "subnet-02d7fa31a51874caa"
          },
          "sensitive_attributes": [],
          "private": "bnVsbA==",
          "dependencies": [
            "data.aws_availability_zones.available",
            "module.vpc.aws_route_table.public",
            "module.vpc.aws_subnet.public",
            "module.vpc.aws_vpc.this",
            "module.vpc.aws_vpc_ipv4_cidr_block_association.this"
          ]
        }
      ]
    },
    {
      "module": "module.vpc",
      "mode": "managed",
      "type": "aws_subnet",
      "name": "private",
      "provider": "provider[\"registry.terraform.io/hashicorp/aws\"]",
      "instances": [
        {
          "index_key": 0,
          "schema_version": 1,
          "attributes": {
            "arn": "arn:aws:ec2:eu-central-1:143805577160:subnet/subnet-036af608a81ddf4fd",
            "assign_ipv6_address_on_creation": false,
            "availability_zone": "eu-central-1a",
            "availability_zone_id": "euc1-az2",
            "cidr_block": "10.0.1.0/24",
            "customer_owned_ipv4_pool": "",
            "enable_dns64": false,
            "enable_resource_name_dns_a_record_on_launch": false,
            "enable_resource_name_dns_aaaa_record_on_launch": false,
            "id": "subnet-036af608a81ddf4fd",
            "ipv6_cidr_block": "",
            "ipv6_cidr_block_association_id": "",
            "ipv6_native": false,
            "map_customer_owned_ip_on_launch": false,
            "map_public_ip_on_launch": false,
            "outpost_arn": "",
            "owner_id": "143805577160",
            "private_dns_hostname_type_on_launch": "ip-name",
            "tags": {
              "Environment": "dev",
              "Name": "my_vpc-private-eu-central-1a",
              "Terraform": "true"
            },
            "tags_all": {
              "Environment": "dev",
              "Name": "my_vpc-private-eu-central-1a",
              "Terraform": "true"
            },
            "timeouts": null,
            "vpc_id": "vpc-0c346567a2b23da4e"
          },
          "sensitive_attributes": [],
          "private": "eyJlMmJmYjczMC1lY2FhLTExZTYtOGY4OC0zNDM2M2JjN2M0YzAiOnsiY3JlYXRlIjo2MDAwMDAwMDAwMDAsImRlbGV0ZSI6MTIwMDAwMDAwMDAwMH0sInNjaGVtYV92ZXJzaW9uIjoiMSJ9",
          "dependencies": [
            "data.aws_availability_zones.available",
            "module.vpc.aws_vpc.this",
            "module.vpc.aws_vpc_ipv4_cidr_block_association.this"
          ]
        },
        {
          "index_key": 1,
          "schema_version": 1,
          "attributes": {
            "arn": "arn:aws:ec2:eu-central-1:143805577160:subnet/subnet-048e3f62c90928810",
            "assign_ipv6_address_on_creation": false,
            "availability_zone": "eu-central-1b",
            "availability_zone_id": "euc1-az3",
            "cidr_block": "10.0.2.0/24",
            "customer_owned_ipv4_pool": "",
            "enable_dns64": false,
            "enable_resource_name_dns_a_record_on_launch": false,
            "enable_resource_name_dns_aaaa_record_on_launch": false,
            "id": "subnet-048e3f62c90928810",
            "ipv6_cidr_block": "",
            "ipv6_cidr_block_association_id": "",
            "ipv6_native": false,
            "map_customer_owned_ip_on_launch": false,
            "map_public_ip_on_launch": false,
            "outpost_arn": "",
            "owner_id": "143805577160",
            "private_dns_hostname_type_on_launch": "ip-name",
            "tags": {
              "Environment": "dev",
              "Name": "my_vpc-private-eu-central-1b",
              "Terraform": "true"
            },
            "tags_all": {
              "Environment": "dev",
              "Name": "my_vpc-private-eu-central-1b",
              "Terraform": "true"
            },
            "timeouts": null,
            "vpc_id": "vpc-0c346567a2b23da4e"
          },
          "sensitive_attributes": [],
          "private": "eyJlMmJmYjczMC1lY2FhLTExZTYtOGY4OC0zNDM2M2JjN2M0YzAiOnsiY3JlYXRlIjo2MDAwMDAwMDAwMDAsImRlbGV0ZSI6MTIwMDAwMDAwMDAwMH0sInNjaGVtYV92ZXJzaW9uIjoiMSJ9",
          "dependencies": [
            "data.aws_availability_zones.available",
            "module.vpc.aws_vpc.this",
            "module.vpc.aws_vpc_ipv4_cidr_block_association.this"
          ]
        },
        {
          "index_key": 2,
          "schema_version": 1,
          "attributes": {
            "arn": "arn:aws:ec2:eu-central-1:143805577160:subnet/subnet-0378d776e91b22203",
            "assign_ipv6_address_on_creation": false,
            "availability_zone": "eu-central-1c",
            "availability_zone_id": "euc1-az1",
            "cidr_block": "10.0.3.0/24",
            "customer_owned_ipv4_pool": "",
            "enable_dns64": false,
            "enable_resource_name_dns_a_record_on_launch": false,
            "enable_resource_name_dns_aaaa_record_on_launch": false,
            "id": "subnet-0378d776e91b22203",
            "ipv6_cidr_block": "",
            "ipv6_cidr_block_association_id": "",
            "ipv6_native": false,
            "map_customer_owned_ip_on_launch": false,
            "map_public_ip_on_launch": false,
            "outpost_arn": "",
            "owner_id": "143805577160",
            "private_dns_hostname_type_on_launch": "ip-name",
            "tags": {
              "Environment": "dev",
              "Name": "my_vpc-private-eu-central-1c",
              "Terraform": "true"
            },
            "tags_all": {
              "Environment": "dev",
              "Name": "my_vpc-private-eu-central-1c",
              "Terraform": "true"
            },
            "timeouts": null,
            "vpc_id": "vpc-0c346567a2b23da4e"
          },
          "sensitive_attributes": [],
          "private": "eyJlMmJmYjczMC1lY2FhLTExZTYtOGY4OC0zNDM2M2JjN2M0YzAiOnsiY3JlYXRlIjo2MDAwMDAwMDAwMDAsImRlbGV0ZSI6MTIwMDAwMDAwMDAwMH0sInNjaGVtYV92ZXJzaW9uIjoiMSJ9",
          "dependencies": [
            "data.aws_availability_zones.available",
            "module.vpc.aws_vpc.this",
            "module.vpc.aws_vpc_ipv4_cidr_block_association.this"
          ]
        }
      ]
    },
    {
      "module": "module.vpc",
      "mode": "managed",
      "type": "aws_subnet",
      "name": "public",
      "provider": "provider[\"registry.terraform.io/hashicorp/aws\"]",
      "instances": [
        {
          "index_key": 0,
          "schema_version": 1,
          "attributes": {
            "arn": "arn:aws:ec2:eu-central-1:143805577160:subnet/subnet-0801a2fa5f1190501",
            "assign_ipv6_address_on_creation": false,
            "availability_zone": "eu-central-1a",
            "availability_zone_id": "euc1-az2",
            "cidr_block": "10.0.101.0/24",
            "customer_owned_ipv4_pool": "",
            "enable_dns64": false,
            "enable_resource_name_dns_a_record_on_launch": false,
            "enable_resource_name_dns_aaaa_record_on_launch": false,
            "id": "subnet-0801a2fa5f1190501",
            "ipv6_cidr_block": "",
            "ipv6_cidr_block_association_id": "",
            "ipv6_native": false,
            "map_customer_owned_ip_on_launch": false,
            "map_public_ip_on_launch": false,
            "outpost_arn": "",
            "owner_id": "143805577160",
            "private_dns_hostname_type_on_launch": "ip-name",
            "tags": {
              "Environment": "dev",
              "Name": "my_vpc-public-eu-central-1a",
              "Terraform": "true"
            },
            "tags_all": {
              "Environment": "dev",
              "Name": "my_vpc-public-eu-central-1a",
              "Terraform": "true"
            },
            "timeouts": null,
            "vpc_id": "vpc-0c346567a2b23da4e"
          },
          "sensitive_attributes": [],
          "private": "eyJlMmJmYjczMC1lY2FhLTExZTYtOGY4OC0zNDM2M2JjN2M0YzAiOnsiY3JlYXRlIjo2MDAwMDAwMDAwMDAsImRlbGV0ZSI6MTIwMDAwMDAwMDAwMH0sInNjaGVtYV92ZXJzaW9uIjoiMSJ9",
          "dependencies": [
            "data.aws_availability_zones.available",
            "module.vpc.aws_vpc.this",
            "module.vpc.aws_vpc_ipv4_cidr_block_association.this"
          ]
        },
        {
          "index_key": 1,
          "schema_version": 1,
          "attributes": {
            "arn": "arn:aws:ec2:eu-central-1:143805577160:subnet/subnet-07d31c301a7e1c5c0",
            "assign_ipv6_address_on_creation": false,
            "availability_zone": "eu-central-1b",
            "availability_zone_id": "euc1-az3",
            "cidr_block": "10.0.102.0/24",
            "customer_owned_ipv4_pool": "",
            "enable_dns64": false,
            "enable_resource_name_dns_a_record_on_launch": false,
            "enable_resource_name_dns_aaaa_record_on_launch": false,
            "id": "subnet-07d31c301a7e1c5c0",
            "ipv6_cidr_block": "",
            "ipv6_cidr_block_association_id": "",
            "ipv6_native": false,
            "map_customer_owned_ip_on_launch": false,
            "map_public_ip_on_launch": false,
            "outpost_arn": "",
            "owner_id": "143805577160",
            "private_dns_hostname_type_on_launch": "ip-name",
            "tags": {
              "Environment": "dev",
              "Name": "my_vpc-public-eu-central-1b",
              "Terraform": "true"
            },
            "tags_all": {
              "Environment": "dev",
              "Name": "my_vpc-public-eu-central-1b",
              "Terraform": "true"
            },
            "timeouts": null,
            "vpc_id": "vpc-0c346567a2b23da4e"
          },
          "sensitive_attributes": [],
          "private": "eyJlMmJmYjczMC1lY2FhLTExZTYtOGY4OC0zNDM2M2JjN2M0YzAiOnsiY3JlYXRlIjo2MDAwMDAwMDAwMDAsImRlbGV0ZSI6MTIwMDAwMDAwMDAwMH0sInNjaGVtYV92ZXJzaW9uIjoiMSJ9",
          "dependencies": [
            "data.aws_availability_zones.available",
            "module.vpc.aws_vpc.this",
            "module.vpc.aws_vpc_ipv4_cidr_block_association.this"
          ]
        },
        {
          "index_key": 2,
          "schema_version": 1,
          "attributes": {
            "arn": "arn:aws:ec2:eu-central-1:143805577160:subnet/subnet-02d7fa31a51874caa",
            "assign_ipv6_address_on_creation": false,
            "availability_zone": "eu-central-1c",
            "availability_zone_id": "euc1-az1",
            "cidr_block": "10.0.103.0/24",
            "customer_owned_ipv4_pool": "",
            "enable_dns64": false,
            "enable_resource_name_dns_a_record_on_launch": false,
            "enable_resource_name_dns_aaaa_record_on_launch": false,
            "id": "subnet-02d7fa31a51874caa",
            "ipv6_cidr_block": "",
            "ipv6_cidr_block_association_id": "",
            "ipv6_native": false,
            "map_customer_owned_ip_on_launch": false,
            "map_public_ip_on_launch": false,
            "outpost_arn": "",
            "owner_id": "143805577160",
            "private_dns_hostname_type_on_launch": "ip-name",
            "tags": {
              "Environment": "dev",
              "Name": "my_vpc-public-eu-central-1c",
              "Terraform": "true"
            },
            "tags_all": {
              "Environment": "dev",
              "Name": "my_vpc-public-eu-central-1c",
              "Terraform": "true"
            },
            "timeouts": null,
            "vpc_id": "vpc-0c346567a2b23da4e"
          },
          "sensitive_attributes": [],
          "private": "eyJlMmJmYjczMC1lY2FhLTExZTYtOGY4OC0zNDM2M2JjN2M0YzAiOnsiY3JlYXRlIjo2MDAwMDAwMDAwMDAsImRlbGV0ZSI6MTIwMDAwMDAwMDAwMH0sInNjaGVtYV92ZXJzaW9uIjoiMSJ9",
          "dependencies": [
            "data.aws_availability_zones.available",
            "module.vpc.aws_vpc.this",
            "module.vpc.aws_vpc_ipv4_cidr_block_association.this"
          ]
        }
      ]
    },
    {
      "module": "module.vpc",
      "mode": "managed",
      "type": "aws_vpc",
      "name": "this",
      "provider": "provider[\"registry.terraform.io/hashicorp/aws\"]",
      "instances": [
        {
          "index_key": 0,
          "schema_version": 1,
          "attributes": {
            "arn": "arn:aws:ec2:eu-central-1:143805577160:vpc/vpc-0c346567a2b23da4e",
            "assign_generated_ipv6_cidr_block": false,
            "cidr_block": "10.0.0.0/16",
            "default_network_acl_id": "acl-047916b4c01a07dde",
            "default_route_table_id": "rtb-06017f919bc78ef33",
            "default_security_group_id": "sg-0a721172433358b28",
            "dhcp_options_id": "dopt-07089ebd37cce23c1",
            "enable_classiclink": false,
            "enable_classiclink_dns_support": false,
            "enable_dns_hostnames": true,
            "enable_dns_support": true,
            "enable_network_address_usage_metrics": false,
            "id": "vpc-0c346567a2b23da4e",
            "instance_tenancy": "default",
            "ipv4_ipam_pool_id": null,
            "ipv4_netmask_length": null,
            "ipv6_association_id": "",
            "ipv6_cidr_block": "",
            "ipv6_cidr_block_network_border_group": "",
            "ipv6_ipam_pool_id": "",
            "ipv6_netmask_length": 0,
            "main_route_table_id": "rtb-06017f919bc78ef33",
            "owner_id": "143805577160",
            "tags": {
              "Environment": "dev",
              "Name": "my_vpc",
              "Terraform": "true"
            },
            "tags_all": {
              "Environment": "dev",
              "Name": "my_vpc",
              "Terraform": "true"
            }
          },
          "sensitive_attributes": [],
          "private": "eyJzY2hlbWFfdmVyc2lvbiI6IjEifQ=="
        }
      ]
    }
  ],
  "check_results": null
}
